NeoBundleLock Command-T f7344ebbe95c532b2ad01f19877d6d611db0193b
NeoBundleLock YouCompleteMe 93c2a8644bcfc84590bea5e19eab350fe245e504
NeoBundleLock ctrlp.vim 7a80267ed061f3dc30bb319f438bdadfd8c7b1fd
NeoBundleLock delimitMate 8bc47fd1c40cdad9ea1f36c0cf13592c70ea65e9
NeoBundleLock emmet-vim e24ea1734e77c76913e7eca3bbee9f5e238e4a84
NeoBundleLock jedi-vim dc23f0b859d3b5c087921b68cf7cd66803ecca83
NeoBundleLock neobundle.vim 11ddc28df058770058fd118245aff678fa51fc26
NeoBundleLock neosnippet-snippets 882d47c8809c74dc6f4aa5c8e288d220d8c1ede6
NeoBundleLock neosnippet.vim 02176938f751e20a3a794e836aaba14e11eba34e
NeoBundleLock nerdtree 4ebbb533c3faf2c480211db2b547972bb3b60f2b
NeoBundleLock nerdtree-git-plugin c793d7445e088d5477da676443ebdf8517a32a73
NeoBundleLock syntastic 48736aa376341518d7bedf3a39daf0ae9e1dcdc0
NeoBundleLock taglist.vim 53041fbc45398a9af631a20657e109707a455339
NeoBundleLock tcomment_vim 8955e2ee67194de3b6b763b7f01e3c164411c0e6
NeoBundleLock tern_for_vim a26106b42f41edcd8bcd40d750f30339ec37f41c
NeoBundleLock vim-colors-solarized 528a59f26d12278698bb946f8fb82a63711eec21
NeoBundleLock vim-colorschemes 28a989b28457e38df620e4c7ab23e224aff70efe
NeoBundleLock vim-css-color 417eaf8a20a6208e34ff167f5636b20f8f812ed8
NeoBundleLock vim-css3-syntax dc363c34d348842ae82cd1f1d00663d7a600b88d
NeoBundleLock vim-fugitive d854197c03c0b027cca41abf86a5557c5473b82f
NeoBundleLock vim-indent-guides 49bde6fa30648345ffabfe55b3a095a293568a2e
NeoBundleLock vim-javascript 1d8c2677d26d6b3950b90dc1636e63334c8efc3b
NeoBundleLock vim-javascript-syntax e7b2c327d4e7311097e7cd68f0e54f65e3a7be1a
NeoBundleLock vim-less 6fae407f7ed666a6dd0fb596e67df8787dccca59
NeoBundleLock vim-table-mode e7373c9083338c15bd7b7fc7674daae21e73af83
NeoBundleLock vimshell 3787e52766812d8b99a93ccdda57517bc2a0bab6
